
Microsoft Visual Studio Solution File, Format Version 12.00
# Visual Studio Version 17
VisualStudioVersion = 17.0.32112.339
MinimumVisualStudioVersion = 10.0.40219.1
Project("{FAE04EC0-301F-11D3-BF4B-00C04F79EFBC}") = "Scales", "Scales\Scales.csproj", "{20ABEB53-946B-463E-9FF0-12119A9E57FA}"
EndProject
Project("{FAE04EC0-301F-11D3-BF4B-00C04F79EFBC}") = "com test", "com test\com test.csproj", "{D485EBB3-EE5F-4D75-BB39-29D94B330BB8}"
EndProject
Global
	GlobalSection(SolutionConfigurationPlatforms) = preSolution
		Debug|Any CPU = Debug|Any CPU
		Release|Any CPU = Release|Any CPU
	EndGlobalSection
	GlobalSection(ProjectConfigurationPlatforms) = postSolution
		{20ABEB53-946B-463E-9FF0-12119A9E57FA}.Debug|Any CPU.ActiveCfg = Debug|Any CPU
		{20ABEB53-946B-463E-9FF0-12119A9E57FA}.Debug|Any CPU.Build.0 = Debug|Any CPU
		{20ABEB53-946B-463E-9FF0-12119A9E57FA}.Release|Any CPU.ActiveCfg = Release|Any CPU
		{20ABEB53-946B-463E-9FF0-12119A9E57FA}.Release|Any CPU.Build.0 = Release|Any CPU
		{D485EBB3-EE5F-4D75-BB39-29D94B330BB8}.Debug|Any CPU.ActiveCfg = Debug|Any CPU
		{D485EBB3-EE5F-4D75-BB39-29D94B330BB8}.Debug|Any CPU.Build.0 = Debug|Any CPU
		{D485EBB3-EE5F-4D75-BB39-29D94B330BB8}.Release|Any CPU.ActiveCfg = Release|Any CPU
		{D485EBB3-EE5F-4D75-BB39-29D94B330BB8}.Release|Any CPU.Build.0 = Release|Any CPU
	EndGlobalSection
	GlobalSection(SolutionProperties) = preSolution
		HideSolutionNode = FALSE
	EndGlobalSection
	GlobalSection(ExtensibilityGlobals) = postSolution
		SolutionGuid = {A8030F86-225A-48A1-8171-79BDAD6B3F56}
	EndGlobalSection
EndGlobal
